// !$*UTF8*$!
{
	archiveVersion = 1;
	classes = {
	};
	objectVersion = 46;
	objects = {

/* Begin PBXBuildFile section */
		A79F71801ED2BE72002A752E /* main.m in Sources */ = {isa = PBXBuildFile; fileRef = A79F717F1ED2BE72002A752E /* main.m */; };
		A79F71831ED2BE72002A752E /* AppDelegate.m in Sources */ = {isa = PBXBuildFile; fileRef = A79F71821ED2BE72002A752E /* AppDelegate.m */; };
		A79F71861ED2BE72002A752E /* ViewController.m in Sources */ = {isa = PBXBuildFile; fileRef = A79F71851ED2BE72002A752E /* ViewController.m */; };
		A79F718B1ED2BE72002A752E /* Assets.xcassets in Resources */ = {isa = PBXBuildFile; fileRef = A79F718A1ED2BE72002A752E /* Assets.xcassets */; };
		A79F718E1ED2BE72002A752E /* LaunchScreen.storyboard in Resources */ = {isa = PBXBuildFile; fileRef = A79F718C1ED2BE72002A752E /* LaunchScreen.storyboard */; };
		A79F71991ED2BE72002A752E /* DemoNoticeBrowseTests.m in Sources */ = {isa = PBXBuildFile; fileRef = A79F71981ED2BE72002A752E /* DemoNoticeBrowseTests.m */; };
		A79F71A41ED2BE72002A752E /* DemoNoticeBrowseUITests.m in Sources */ = {isa = PBXBuildFile; fileRef = A79F71A31ED2BE72002A752E /* DemoNoticeBrowseUITests.m */; };
		A79F71B81ED2D581002A752E /* header.png in Resources */ = {isa = PBXBuildFile; fileRef = A79F71B71ED2D581002A752E /* header.png */; };
		A79F71C01ED2E503002A752E /* face01.png in Resources */ = {isa = PBXBuildFile; fileRef = A79F71BA1ED2E503002A752E /* face01.png */; };
		A79F71C11ED2E503002A752E /* face02.png in Resources */ = {isa = PBXBuildFile; fileRef = A79F71BB1ED2E503002A752E /* face02.png */; };
		A79F71C21ED2E503002A752E /* face03.png in Resources */ = {isa = PBXBuildFile; fileRef = A79F71BC1ED2E503002A752E /* face03.png */; };
		A79F71C31ED2E503002A752E /* face04.png in Resources */ = {isa = PBXBuildFile; fileRef = A79F71BD1ED2E503002A752E /* face04.png */; };
		A79F71C41ED2E503002A752E /* face05.png in Resources */ = {isa = PBXBuildFile; fileRef = A79F71BE1ED2E503002A752E /* face05.png */; };
		A79F71C51ED2E503002A752E /* face06.png in Resources */ = {isa = PBXBuildFile; fileRef = A79F71BF1ED2E503002A752E /* face06.png */; };
		A79F71C91ED2E92A002A752E /* SYNoticeBrowseLabel.m in Sources */ = {isa = PBXBuildFile; fileRef = A79F71C81ED2E92A002A752E /* SYNoticeBrowseLabel.m */; };
/* End PBXBuildFile section */

/* Begin PBXContainerItemProxy section */
		A79F71951ED2BE72002A752E /* PBXContainerItemProxy */ = {
			isa = PBXContainerItemProxy;
			containerPortal = A79F71731ED2BE72002A752E /* Project object */;
			proxyType = 1;
			remoteGlobalIDString = A79F717A1ED2BE72002A752E;
			remoteInfo = DemoNoticeBrowse;
		};
		A79F71A01ED2BE72002A752E /* PBXContainerItemProxy */ = {
			isa = PBXContainerItemProxy;
			containerPortal = A79F71731ED2BE72002A752E /* Project object */;
			proxyType = 1;
			remoteGlobalIDString = A79F717A1ED2BE72002A752E;
			remoteInfo = DemoNoticeBrowse;
		};
/* End PBXContainerItemProxy section */

/* Begin PBXFileReference section */
		A79F717B1ED2BE72002A752E /* DemoNoticeBrowse.app */ = {isa = PBXFileReference; explicitFileType = wrapper.application; includeInIndex = 0; path = DemoNoticeBrowse.app; sourceTree = BUILT_PRODUCTS_DIR; };
		A79F717F1ED2BE72002A752E /* main.m */ = {isa = PBXFileReference; lastKnownFileType = sourcecode.c.objc; path = main.m; sourceTree = "<group>"; };
		A79F71811ED2BE72002A752E /* AppDelegate.h */ = {isa = PBXFileReference; lastKnownFileType = sourcecode.c.h; path = AppDelegate.h; sourceTree = "<group>"; };
		A79F71821ED2BE72002A752E /* AppDelegate.m */ = {isa = PBXFileReference; lastKnownFileType = sourcecode.c.objc; path = AppDelegate.m; sourceTree = "<group>"; };
		A79F71841ED2BE72002A752E /* ViewController.h */ = {isa = PBXFileReference; lastKnownFileType = sourcecode.c.h; path = ViewController.h; sourceTree = "<group>"; };
		A79F71851ED2BE72002A752E /* ViewController.m */ = {isa = PBXFileReference; lastKnownFileType = sourcecode.c.objc; path = ViewController.m; sourceTree = "<group>"; };
		A79F718A1ED2BE72002A752E /* Assets.xcassets */ = {isa = PBXFileReference; lastKnownFileType = folder.assetcatalog; path = Assets.xcassets; sourceTree = "<group>"; };
		A79F718D1ED2BE72002A752E /* Base */ = {isa = PBXFileReference; lastKnownFileType = file.storyboard; name = Base; path = Base.lproj/LaunchScreen.storyboard; sourceTree = "<group>"; };
		A79F718F1ED2BE72002A752E /* Info.plist */ = {isa = PBXFileReference; lastKnownFileType = text.plist.xml; path = Info.plist; sourceTree = "<group>"; };
		A79F71941ED2BE72002A752E /* DemoNoticeBrowseTests.xctest */ = {isa = PBXFileReference; explicitFileType = wrapper.cfbundle; includeInIndex = 0; path = DemoNoticeBrowseTests.xctest; sourceTree = BUILT_PRODUCTS_DIR; };
		A79F71981ED2BE72002A752E /* DemoNoticeBrowseTests.m */ = {isa = PBXFileReference; lastKnownFileType = sourcecode.c.objc; path = DemoNoticeBrowseTests.m; sourceTree = "<group>"; };
		A79F719A1ED2BE72002A752E /* Info.plist */ = {isa = PBXFileReference; lastKnownFileType = text.plist.xml; path = Info.plist; sourceTree = "<group>"; };
		A79F719F1ED2BE72002A752E /* DemoNoticeBrowseUITests.xctest */ = {isa = PBXFileReference; explicitFileType = wrapper.cfbundle; includeInIndex = 0; path = DemoNoticeBrowseUITests.xctest; sourceTree = BUILT_PRODUCTS_DIR; };
		A79F71A31ED2BE72002A752E /* DemoNoticeBrowseUITests.m */ = {isa = PBXFileReference; lastKnownFileType = sourcecode.c.objc; path = DemoNoticeBrowseUITests.m; sourceTree = "<group>"; };
		A79F71A51ED2BE72002A752E /* Info.plist */ = {isa = PBXFileReference; lastKnownFileType = text.plist.xml; path = Info.plist; sourceTree = "<group>"; };
		A79F71B71ED2D581002A752E /* header.png */ = {isa = PBXFileReference; lastKnownFileType = image.png; path = header.png; sourceTree = "<group>"; };
		A79F71BA1ED2E503002A752E /* face01.png */ = {isa = PBXFileReference; lastKnownFileType = image.png; path = face01.png; sourceTree = "<group>"; };
		A79F71BB1ED2E503002A752E /* face02.png */ = {isa = PBXFileReference; lastKnownFileType = image.png; path = face02.png; sourceTree = "<group>"; };
		A79F71BC1ED2E503002A752E /* face03.png */ = {isa = PBXFileReference; lastKnownFileType = image.png; path = face03.png; sourceTree = "<group>"; };
		A79F71BD1ED2E503002A752E /* face04.png */ = {isa = PBXFileReference; lastKnownFileType = image.png; path = face04.png; sourceTree = "<group>"; };
		A79F71BE1ED2E503002A752E /* face05.png */ = {isa = PBXFileReference; lastKnownFileType = image.png; path = face05.png; sourceTree = "<group>"; };
		A79F71BF1ED2E503002A752E /* face06.png */ = {isa = PBXFileReference; lastKnownFileType = image.png; path = face06.png; sourceTree = "<group>"; };
		A79F71C71ED2E92A002A752E /* SYNoticeBrowseLabel.h */ = {isa = PBXFileReference; fileEncoding = 4; lastKnownFileType = sourcecode.c.h; path = SYNoticeBrowseLabel.h; sourceTree = "<group>"; };
		A79F71C81ED2E92A002A752E /* SYNoticeBrowseLabel.m */ = {isa = PBXFileReference; fileEncoding = 4; lastKnownFileType = sourcecode.c.objc; path = SYNoticeBrowseLabel.m; sourceTree = "<group>"; };
/* End PBXFileReference section */

/* Begin PBXFrameworksBuildPhase section */
		A79F71781ED2BE72002A752E /* Frameworks */ = {
			isa = PBXFrameworksBuildPhase;
			buildActionMask = 2147483647;
			files = (
			);
			runOnlyForDeploymentPostprocessing = 0;
		};
		A79F71911ED2BE72002A752E /* Frameworks */ = {
			isa = PBXFrameworksBuildPhase;
			buildActionMask = 2147483647;
			files = (
			);
			runOnlyForDeploymentPostprocessing = 0;
		};
		A79F719C1ED2BE72002A752E /* Frameworks */ = {
			isa = PBXFrameworksBuildPhase;
			buildActionMask = 2147483647;
			files = (
			);
			runOnlyForDeploymentPostprocessing = 0;
		};
/* End PBXFrameworksBuildPhase section */

/* Begin PBXGroup section */
		A79F71721ED2BE72002A752E = {
			isa = PBXGroup;
			children = (
				A79F717D1ED2BE72002A752E /* DemoNoticeBrowse */,
				A79F71971ED2BE72002A752E /* DemoNoticeBrowseTests */,
				A79F71A21ED2BE72002A752E /* DemoNoticeBrowseUITests */,
				A79F717C1ED2BE72002A752E /* Products */,
			);
			sourceTree = "<group>";
		};
		A79F717C1ED2BE72002A752E /* Products */ = {
			isa = PBXGroup;
			children = (
				A79F717B1ED2BE72002A752E /* DemoNoticeBrowse.app */,
				A79F71941ED2BE72002A752E /* DemoNoticeBrowseTests.xctest */,
				A79F719F1ED2BE72002A752E /* DemoNoticeBrowseUITests.xctest */,
			);
			name = Products;
			sourceTree = "<group>";
		};
		A79F717D1ED2BE72002A752E /* DemoNoticeBrowse */ = {
			isa = PBXGroup;
			children = (
				A79F71811ED2BE72002A752E /* AppDelegate.h */,
				A79F71821ED2BE72002A752E /* AppDelegate.m */,
				A79F71841ED2BE72002A752E /* ViewController.h */,
				A79F71851ED2BE72002A752E /* ViewController.m */,
				A79F71C61ED2E92A002A752E /* SYNoticeBrowseLabel */,
				A79F71B91ED2E503002A752E /* iimageFace */,
				A79F71B71ED2D581002A752E /* header.png */,
				A79F717E1ED2BE72002A752E /* Supporting Files */,
			);
			path = DemoNoticeBrowse;
			sourceTree = "<group>";
		};
		A79F717E1ED2BE72002A752E /* Supporting Files */ = {
			isa = PBXGroup;
			children = (
				A79F718A1ED2BE72002A752E /* Assets.xcassets */,
				A79F718C1ED2BE72002A752E /* LaunchScreen.storyboard */,
				A79F718F1ED2BE72002A752E /* Info.plist */,
				A79F717F1ED2BE72002A752E /* main.m */,
			);
			name = "Supporting Files";
			sourceTree = "<group>";
		};
		A79F71971ED2BE72002A752E /* DemoNoticeBrowseTests */ = {
			isa = PBXGroup;
			children = (
				A79F71981ED2BE72002A752E /* DemoNoticeBrowseTests.m */,
				A79F719A1ED2BE72002A752E /* Info.plist */,
			);
			path = DemoNoticeBrowseTests;
			sourceTree = "<group>";
		};
		A79F71A21ED2BE72002A752E /* DemoNoticeBrowseUITests */ = {
			isa = PBXGroup;
			children = (
				A79F71A31ED2BE72002A752E /* DemoNoticeBrowseUITests.m */,
				A79F71A51ED2BE72002A752E /* Info.plist */,
			);
			path = DemoNoticeBrowseUITests;
			sourceTree = "<group>";
		};
		A79F71B91ED2E503002A752E /* iimageFace */ = {
			isa = PBXGroup;
			children = (
				A79F71BA1ED2E503002A752E /* face01.png */,
				A79F71BB1ED2E503002A752E /* face02.png */,
				A79F71BC1ED2E503002A752E /* face03.png */,
				A79F71BD1ED2E503002A752E /* face04.png */,
				A79F71BE1ED2E503002A752E /* face05.png */,
				A79F71BF1ED2E503002A752E /* face06.png */,
			);
			path = iimageFace;
			sourceTree = "<group>";
		};
		A79F71C61ED2E92A002A752E /* SYNoticeBrowseLabel */ = {
			isa = PBXGroup;
			children = (
				A79F71C71ED2E92A002A752E /* SYNoticeBrowseLabel.h */,
				A79F71C81ED2E92A002A752E /* SYNoticeBrowseLabel.m */,
			);
			path = SYNoticeBrowseLabel;
			sourceTree = "<group>";
		};
/* End PBXGroup section */

/* Begin PBXNativeTarget section */
		A79F717A1ED2BE72002A752E /* DemoNoticeBrowse */ = {
			isa = PBXNativeTarget;
			buildConfigurationList = A79F71A81ED2BE72002A752E /* Build configuration list for PBXNativeTarget "DemoNoticeBrowse" */;
			buildPhases = (
				A79F71771ED2BE72002A752E /* Sources */,
				A79F71781ED2BE72002A752E /* Frameworks */,
				A79F71791ED2BE72002A752E /* Resources */,
			);
			buildRules = (
			);
			dependencies = (
			);
			name = DemoNoticeBrowse;
			productName = DemoNoticeBrowse;
			productReference = A79F717B1ED2BE72002A752E /* DemoNoticeBrowse.app */;
			productType = "com.apple.product-type.application";
		};
		A79F71931ED2BE72002A752E /* DemoNoticeBrowseTests */ = {
			isa = PBXNativeTarget;
			buildConfigurationList = A79F71AB1ED2BE72002A752E /* Build configuration list for PBXNativeTarget "DemoNoticeBrowseTests" */;
			buildPhases = (
				A79F71901ED2BE72002A752E /* Sources */,
				A79F71911ED2BE72002A752E /* Frameworks */,
				A79F71921ED2BE72002A752E /* Resources */,
			);
			buildRules = (
			);
			dependencies = (
				A79F71961ED2BE72002A752E /* PBXTargetDependency */,
			);
			name = DemoNoticeBrowseTests;
			productName = DemoNoticeBrowseTests;
			productReference = A79F71941ED2BE72002A752E /* DemoNoticeBrowseTests.xctest */;
			productType = "com.apple.product-type.bundle.unit-test";
		};
		A79F719E1ED2BE72002A752E /* DemoNoticeBrowseUITests */ = {
			isa = PBXNativeTarget;
			buildConfigurationList = A79F71AE1ED2BE72002A752E /* Build configuration list for PBXNativeTarget "DemoNoticeBrowseUITests" */;
			buildPhases = (
				A79F719B1ED2BE72002A752E /* Sources */,
				A79F719C1ED2BE72002A752E /* Frameworks */,
				A79F719D1ED2BE72002A752E /* Resources */,
			);
			buildRules = (
			);
			dependencies = (
				A79F71A11ED2BE72002A752E /* PBXTargetDependency */,
			);
			name = DemoNoticeBrowseUITests;
			productName = DemoNoticeBrowseUITests;
			productReference = A79F719F1ED2BE72002A752E /* DemoNoticeBrowseUITests.xctest */;
			productType = "com.apple.product-type.bundle.ui-testing";
		};
/* End PBXNativeTarget section */

/* Begin PBXProject section */
		A79F71731ED2BE72002A752E /* Project object */ = {
			isa = PBXProject;
			attributes = {
				LastUpgradeCheck = 0720;
				ORGANIZATIONNAME = zhangshaoyu;
				TargetAttributes = {
					A79F717A1ED2BE72002A752E = {
						CreatedOnToolsVersion = 7.2.1;
					};
					A79F71931ED2BE72002A752E = {
						CreatedOnToolsVersion = 7.2.1;
						TestTargetID = A79F717A1ED2BE72002A752E;
					};
					A79F719E1ED2BE72002A752E = {
						CreatedOnToolsVersion = 7.2.1;
						TestTargetID = A79F717A1ED2BE72002A752E;
					};
				};
			};
			buildConfigurationList = A79F71761ED2BE72002A752E /* Build configuration list for PBXProject "DemoNoticeBrowse" */;
			compatibilityVersion = "Xcode 3.2";
			developmentRegion = English;
			hasScannedForEncodings = 0;
			knownRegions = (
				en,
				Base,
			);
			mainGroup = A79F71721ED2BE72002A752E;
			productRefGroup = A79F717C1ED2BE72002A752E /* Products */;
			projectDirPath = "";
			projectRoot = "";
			targets = (
				A79F717A1ED2BE72002A752E /* DemoNoticeBrowse */,
				A79F71931ED2BE72002A752E /* DemoNoticeBrowseTests */,
				A79F719E1ED2BE72002A752E /* DemoNoticeBrowseUITests */,
			);
		};
/* End PBXProject section */

/* Begin PBXResourcesBuildPhase section */
		A79F71791ED2BE72002A752E /* Resources */ = {
			isa = PBXResourcesBuildPhase;
			buildActionMask = 2147483647;
			files = (
				A79F71B81ED2D581002A752E /* header.png in Resources */,
				A79F71C41ED2E503002A752E /* face05.png in Resources */,
				A79F71C21ED2E503002A752E /* face03.png in Resources */,
				A79F71C01ED2E503002A752E /* face01.png in Resources */,
				A79F718E1ED2BE72002A752E /* LaunchScreen.storyboard in Resources */,
				A79F71C11ED2E503002A752E /* face02.png in Resources */,
				A79F718B1ED2BE72002A752E /* Assets.xcassets in Resources */,
				A79F71C51ED2E503002A752E /* face06.png in Resources */,
				A79F71C31ED2E503002A752E /* face04.png in Resources */,
			);
			runOnlyForDeploymentPostprocessing = 0;
		};
		A79F71921ED2BE72002A752E /* Resources */ = {
			isa = PBXResourcesBuildPhase;
			buildActionMask = 2147483647;
			files = (
			);
			runOnlyForDeploymentPostprocessing = 0;
		};
		A79F719D1ED2BE72002A752E /* Resources */ = {
			isa = PBXResourcesBuildPhase;
			buildActionMask = 2147483647;
			files = (
			);
			runOnlyForDeploymentPostprocessing = 0;
		};
/* End PBXResourcesBuildPhase section */

/* Begin PBXSourcesBuildPhase section */
		A79F71771ED2BE72002A752E /* Sources */ = {
			isa = PBXSourcesBuildPhase;
			buildActionMask = 2147483647;
			files = (
				A79F71C91ED2E92A002A752E /* SYNoticeBrowseLabel.m in Sources */,
				A79F71861ED2BE72002A752E /* ViewController.m in Sources */,
				A79F71831ED2BE72002A752E /* AppDelegate.m in Sources */,
				A79F71801ED2BE72002A752E /* main.m in Sources */,
			);
			runOnlyForDeploymentPostprocessing = 0;
		};
		A79F71901ED2BE72002A752E /* Sources */ = {
			isa = PBXSourcesBuildPhase;
			buildActionMask = 2147483647;
			files = (
				A79F71991ED2BE72002A752E /* DemoNoticeBrowseTests.m in Sources */,
			);
			runOnlyForDeploymentPostprocessing = 0;
		};
		A79F719B1ED2BE72002A752E /* Sources */ = {
			isa = PBXSourcesBuildPhase;
			buildActionMask = 2147483647;
			files = (
				A79F71A41ED2BE72002A752E /* DemoNoticeBrowseUITests.m in Sources */,
			);
			runOnlyForDeploymentPostprocessing = 0;
		};
/* End PBXSourcesBuildPhase section */

/* Begin PBXTargetDependency section */
		A79F71961ED2BE72002A752E /* PBXTargetDependency */ = {
			isa = PBXTargetDependency;
			target = A79F717A1ED2BE72002A752E /* DemoNoticeBrowse */;
			targetProxy = A79F71951ED2BE72002A752E /* PBXContainerItemProxy */;
		};
		A79F71A11ED2BE72002A752E /* PBXTargetDependency */ = {
			isa = PBXTargetDependency;
			target = A79F717A1ED2BE72002A752E /* DemoNoticeBrowse */;
			targetProxy = A79F71A01ED2BE72002A752E /* PBXContainerItemProxy */;
		};
/* End PBXTargetDependency section */

/* Begin PBXVariantGroup section */
		A79F718C1ED2BE72002A752E /* LaunchScreen.storyboard */ = {
			isa = PBXVariantGroup;
			children = (
				A79F718D1ED2BE72002A752E /* Base */,
			);
			name = LaunchScreen.storyboard;
			sourceTree = "<group>";
		};
/* End PBXVariantGroup section */

/* Begin XCBuildConfiguration section */
		A79F71A61ED2BE72002A752E /* Debug */ = {
			isa = XCBuildConfiguration;
			buildSettings = {
				ALWAYS_SEARCH_USER_PATHS = NO;
				CLANG_CXX_LANGUAGE_STANDARD = "gnu++0x";
				CLANG_CXX_LIBRARY = "libc++";
				CLANG_ENABLE_MODULES = YES;
				CLANG_ENABLE_OBJC_ARC = YES;
				CLANG_WARN_BOOL_CONVERSION = YES;
				CLANG_WARN_CONSTANT_CONVERSION = YES;
				CLANG_WARN_DIRECT_OBJC_ISA_USAGE = YES_ERROR;
				CLANG_WARN_EMPTY_BODY = YES;
				CLANG_WARN_ENUM_CONVERSION = YES;
				CLANG_WARN_INT_CONVERSION = YES;
				CLANG_WARN_OBJC_ROOT_CLASS = YES_ERROR;
				CLANG_WARN_UNREACHABLE_CODE = YES;
				CLANG_WARN__DUPLICATE_METHOD_MATCH = YES;
				"CODE_SIGN_IDENTITY[sdk=iphoneos*]" = "iPhone Developer";
				COPY_PHASE_STRIP = NO;
				DEBUG_INFORMATION_FORMAT = dwarf;
				ENABLE_STRICT_OBJC_MSGSEND = YES;
				ENABLE_TESTABILITY = YES;
				GCC_C_LANGUAGE_STANDARD = gnu99;
				GCC_DYNAMIC_NO_PIC = NO;
				GCC_NO_COMMON_BLOCKS = YES;
				GCC_OPTIMIZATION_LEVEL = 0;
				GCC_PREPROCESSOR_DEFINITIONS = (
					"DEBUG=1",
					"$(inherited)",
				);
				GCC_WARN_64_TO_32_BIT_CONVERSION = YES;
				GCC_WARN_ABOUT_RETURN_TYPE = YES_ERROR;
				GCC_WARN_UNDECLARED_SELECTOR = YES;
				GCC_WARN_UNINITIALIZED_AUTOS = YES_AGGRESSIVE;
				GCC_WARN_UNUSED_FUNCTION = YES;
				GCC_WARN_UNUSED_VARIABLE = YES;
				IPHONEOS_DEPLOYMENT_TARGET = 8.0;
				MTL_ENABLE_DEBUG_INFO = YES;
				ONLY_ACTIVE_ARCH = YES;
				SDKROOT = iphoneos;
			};
			name = Debug;
		};
		A79F71A71ED2BE72002A752E /* Release */ = {
			isa = XCBuildConfiguration;
			buildSettings = {
				ALWAYS_SEARCH_USER_PATHS = NO;
				CLANG_CXX_LANGUAGE_STANDARD = "gnu++0x";
				CLANG_CXX_LIBRARY = "libc++";
				CLANG_ENABLE_MODULES = YES;
				CLANG_ENABLE_OBJC_ARC = YES;
				CLANG_WARN_BOOL_CONVERSION = YES;
				CLANG_WARN_CONSTANT_CONVERSION = YES;
				CLANG_WARN_DIRECT_OBJC_ISA_USAGE = YES_ERROR;
				CLANG_WARN_EMPTY_BODY = YES;
				CLANG_WARN_ENUM_CONVERSION = YES;
				CLANG_WARN_INT_CONVERSION = YES;
				CLANG_WARN_OBJC_ROOT_CLASS = YES_ERROR;
				CLANG_WARN_UNREACHABLE_CODE = YES;
				CLANG_WARN__DUPLICATE_METHOD_MATCH = YES;
				"CODE_SIGN_IDENTITY[sdk=iphoneos*]" = "iPhone Developer";
				COPY_PHASE_STRIP = NO;
				DEBUG_INFORMATION_FORMAT = "dwarf-with-dsym";
				ENABLE_NS_ASSERTIONS = NO;
				ENABLE_STRICT_OBJC_MSGSEND = YES;
				GCC_C_LANGUAGE_STANDARD = gnu99;
				GCC_NO_COMMON_BLOCKS = YES;
				GCC_WARN_64_TO_32_BIT_CONVERSION = YES;
				GCC_WARN_ABOUT_RETURN_TYPE = YES_ERROR;
				GCC_WARN_UNDECLARED_SELECTOR = YES;
				GCC_WARN_UNINITIALIZED_AUTOS = YES_AGGRESSIVE;
				GCC_WARN_UNUSED_FUNCTION = YES;
				GCC_WARN_UNUSED_VARIABLE = YES;
				IPHONEOS_DEPLOYMENT_TARGET = 8.0;
				MTL_ENABLE_DEBUG_INFO = NO;
				SDKROOT = iphoneos;
				VALIDATE_PRODUCT = YES;
			};
			name = Release;
		};
		A79F71A91ED2BE72002A752E /* Debug */ = {
			isa = XCBuildConfiguration;
			buildSettings = {
				ASSETCATALOG_COMPILER_APPICON_NAME = AppIcon;
				INFOPLIST_FILE = DemoNoticeBrowse/Info.plist;
				LD_RUNPATH_SEARCH_PATHS = "$(inherited) @executable_path/Frameworks";
				PRODUCT_BUNDLE_IDENTIFIER = com.devZhang.DemoNoticeBrowse;
				PRODUCT_NAME = "$(TARGET_NAME)";
			};
			name = Debug;
		};
		A79F71AA1ED2BE72002A752E /* Release */ = {
			isa = XCBuildConfiguration;
			buildSettings = {
				ASSETCATALOG_COMPILER_APPICON_NAME = AppIcon;
				INFOPLIST_FILE = DemoNoticeBrowse/Info.plist;
				LD_RUNPATH_SEARCH_PATHS = "$(inherited) @executable_path/Frameworks";
				PRODUCT_BUNDLE_IDENTIFIER = com.devZhang.DemoNoticeBrowse;
				PRODUCT_NAME = "$(TARGET_NAME)";
			};
			name = Release;
		};
		A79F71AC1ED2BE72002A752E /* Debug */ = {
			isa = XCBuildConfiguration;
			buildSettings = {
				BUNDLE_LOADER = "$(TEST_HOST)";
				INFOPLIST_FILE = DemoNoticeBrowseTests/Info.plist;
				LD_RUNPATH_SEARCH_PATHS = "$(inherited) @executable_path/Frameworks @loader_path/Frameworks";
				PRODUCT_BUNDLE_IDENTIFIER = com.devZhang.DemoNoticeBrowseTests;
				PRODUCT_NAME = "$(TARGET_NAME)";
				TEST_HOST = "$(BUILT_PRODUCTS_DIR)/DemoNoticeBrowse.app/DemoNoticeBrowse";
			};
			name = Debug;
		};
		A79F71AD1ED2BE72002A752E /* Release */ = {
			isa = XCBuildConfiguration;
			buildSettings = {
				BUNDLE_LOADER = "$(TEST_HOST)";
				INFOPLIST_FILE = DemoNoticeBrowseTests/Info.plist;
				LD_RUNPATH_SEARCH_PATHS = "$(inherited) @executable_path/Frameworks @loader_path/Frameworks";
				PRODUCT_BUNDLE_IDENTIFIER = com.devZhang.DemoNoticeBrowseTests;
				PRODUCT_NAME = "$(TARGET_NAME)";
				TEST_HOST = "$(BUILT_PRODUCTS_DIR)/DemoNoticeBrowse.app/DemoNoticeBrowse";
			};
			name = Release;
		};
		A79F71AF1ED2BE72002A752E /* Debug */ = {
			isa = XCBuildConfiguration;
			buildSettings = {
				INFOPLIST_FILE = DemoNoticeBrowseUITests/Info.plist;
				LD_RUNPATH_SEARCH_PATHS = "$(inherited) @executable_path/Frameworks @loader_path/Frameworks";
				PRODUCT_BUNDLE_IDENTIFIER = com.devZhang.DemoNoticeBrowseUITests;
				PRODUCT_NAME = "$(TARGET_NAME)";
				TEST_TARGET_NAME = DemoNoticeBrowse;
				USES_XCTRUNNER = YES;
			};
			name = Debug;
		};
		A79F71B01ED2BE72002A752E /* Release */ = {
			isa = XCBuildConfiguration;
			buildSettings = {
				INFOPLIST_FILE = DemoNoticeBrowseUITests/Info.plist;
				LD_RUNPATH_SEARCH_PATHS = "$(inherited) @executable_path/Frameworks @loader_path/Frameworks";
				PRODUCT_BUNDLE_IDENTIFIER = com.devZhang.DemoNoticeBrowseUITests;
				PRODUCT_NAME = "$(TARGET_NAME)";
				TEST_TARGET_NAME = DemoNoticeBrowse;
				USES_XCTRUNNER = YES;
			};
			name = Release;
		};
/* End XCBuildConfiguration section */

/* Begin XCConfigurationList section */
		A79F71761ED2BE72002A752E /* Build configuration list for PBXProject "DemoNoticeBrowse" */ = {
			isa = XCConfigurationList;
			buildConfigurations = (
				A79F71A61ED2BE72002A752E /* Debug */,
				A79F71A71ED2BE72002A752E /* Release */,
			);
			defaultConfigurationIsVisible = 0;
			defaultConfigurationName = Release;
		};
		A79F71A81ED2BE72002A752E /* Build configuration list for PBXNativeTarget "DemoNoticeBrowse" */ = {
			isa = XCConfigurationList;
			buildConfigurations = (
				A79F71A91ED2BE72002A752E /* Debug */,
				A79F71AA1ED2BE72002A752E /* Release */,
			);
			defaultConfigurationIsVisible = 0;
			defaultConfigurationName = Release;
		};
		A79F71AB1ED2BE72002A752E /* Build configuration list for PBXNativeTarget "DemoNoticeBrowseTests" */ = {
			isa = XCConfigurationList;
			buildConfigurations = (
				A79F71AC1ED2BE72002A752E /* Debug */,
				A79F71AD1ED2BE72002A752E /* Release */,
			);
			defaultConfigurationIsVisible = 0;
			defaultConfigurationName = Release;
		};
		A79F71AE1ED2BE72002A752E /* Build configuration list for PBXNativeTarget "DemoNoticeBrowseUITests" */ = {
			isa = XCConfigurationList;
			buildConfigurations = (
				A79F71AF1ED2BE72002A752E /* Debug */,
				A79F71B01ED2BE72002A752E /* Release */,
			);
			defaultConfigurationIsVisible = 0;
			defaultConfigurationName = Release;
		};
/* End XCConfigurationList section */
	};
	rootObject = A79F71731ED2BE72002A752E /* Project object */;
}
